{
  "name": "storefront",
  "lockfileVersion": 3,
  "requires": true,
  "packages": {
    "": {
      "dependencies": {
        "thumbhash": "^0.1.1"
      }
    },
    "node_modules/thumbhash": {
      "version": "0.1.1",
      "resolved": "https://registry.npmjs.org/thumbhash/-/thumbhash-0.1.1.tgz",
      "integrity": "sha512-kH5pKeIIBPQXAOni2AiY/Cu/NKdkFREdpH+TLdM0g6WA7RriCv0kPLgP731ady67MhTAqrVG/4mnEeibVuCJcg=="
    }
  }
}
